
Microsoft Visual Studio Solution File, Format Version 12.00
# Visual Studio Version 17
VisualStudioVersion = 17.5.002.0
MinimumVisualStudioVersion = 10.0.40219.1
Project("{2150E333-8FDC-42A3-9474-1A3956D46DE8}") = "csharp-prep", "csharp-prep", "{12826B56-4CFA-4849-A433-596A2022B1AB}"
EndProject
Project("{9A19103F-16F7-4668-BE54-9A1E7A4F7556}") = "Prep1", "csharp-prep\Prep1\Prep1.csproj", "{E325DEC6-AE93-4713-B975-FD4A81E34A98}"
EndProject
Project("{9A19103F-16F7-4668-BE54-9A1E7A4F7556}") = "Prep2", "csharp-prep\Prep2\Prep2.csproj", "{0C5E3ABF-E65F-47A4-8224-0FE39FF22900}"
EndProject
Project("{9A19103F-16F7-4668-BE54-9A1E7A4F7556}") = "Prep3", "csharp-prep\Prep3\Prep3.csproj", "{03542B88-D5B3-4D3A-BBB0-58C951FED300}"
EndProject
Project("{9A19103F-16F7-4668-BE54-9A1E7A4F7556}") = "Prep4", "csharp-prep\Prep4\Prep4.csproj", "{38F314AF-0C70-436B-B680-7E5C90565FA1}"
EndProject
Project("{9A19103F-16F7-4668-BE54-9A1E7A4F7556}") = "Prep5", "csharp-prep\Prep5\Prep5.csproj", "{69781106-A1C7-4D6E-9473-D8DBD0B1C8BB}"
EndProject
Project("{2150E333-8FDC-42A3-9474-1A3956D46DE8}") = "final", "final", "{10B06759-522A-46F0-839C-14D110422112}"
EndProject
Project("{9A19103F-16F7-4668-BE54-9A1E7A4F7556}") = "FinalProject", "final\FinalProject\FinalProject.csproj", "{C8A02423-D80F-477C-95D6-3A60A65278BE}"
EndProject
Project("{9A19103F-16F7-4668-BE54-9A1E7A4F7556}") = "Foundation1", "final\Foundation1\Foundation1.csproj", "{1D3CEA9D-FD4B-4A3D-B545-74546015A291}"
EndProject
Project("{9A19103F-16F7-4668-BE54-9A1E7A4F7556}") = "Foundation2", "final\Foundation2\Foundation2.csproj", "{B3C97574-4A58-483C-B39F-8D8CD14326F4}"
EndProject
Project("{9A19103F-16F7-4668-BE54-9A1E7A4F7556}") = "Foundation3", "final\Foundation3\Foundation3.csproj", "{0F450C48-E16E-428B-8A6E-E126B852A53E}"
EndProject
Project("{9A19103F-16F7-4668-BE54-9A1E7A4F7556}") = "Foundation4", "final\Foundation4\Foundation4.csproj", "{03B574EA-6B80-4990-BFF0-431B8950C8B5}"
EndProject
Project("{2150E333-8FDC-42A3-9474-1A3956D46DE8}") = "prepare", "prepare", "{C70F5B88-B097-4A2B-B7FA-F31595D4B63D}"
EndProject
Project("{9A19103F-16F7-4668-BE54-9A1E7A4F7556}") = "Learning02", "prepare\Learning02\Learning02.csproj", "{88F8BBFC-EF0D-46E9-BA61-F01DF1E8567F}"
EndProject
Project("{9A19103F-16F7-4668-BE54-9A1E7A4F7556}") = "Learning03", "prepare\Learning03\Learning03.csproj", "{D6378271-443B-4114-A599-046098182722}"
EndProject
Project("{9A19103F-16F7-4668-BE54-9A1E7A4F7556}") = "Learning04", "prepare\Learning04\Learning04.csproj", "{78746D62-88AC-47FE-9C99-7C37409551F0}"
EndProject
Project("{9A19103F-16F7-4668-BE54-9A1E7A4F7556}") = "Learning05", "prepare\Learning05\Learning05.csproj", "{E4B5D3A6-B1B7-4AD4-A71A-0EF7F80A513A}"
EndProject
Project("{2150E333-8FDC-42A3-9474-1A3956D46DE8}") = "prove", "prove", "{C6FDEF62-95A5-493D-A576-CADC1CB24D26}"
EndProject
Project("{9A19103F-16F7-4668-BE54-9A1E7A4F7556}") = "Develop02", "prove\Develop02\Develop02.csproj", "{B5943DD7-5698-4B06-80E7-FE9FE5CD01A4}"
EndProject
Project("{9A19103F-16F7-4668-BE54-9A1E7A4F7556}") = "Develop03", "prove\Develop03\Develop03.csproj", "{F1EB6D59-C570-4458-BFA0-2080FB1726F9}"
EndProject
Project("{9A19103F-16F7-4668-BE54-9A1E7A4F7556}") = "Develop04", "prove\Develop04\Develop04.csproj", "{AD6895C6-E061-4FAA-96C0-426E3D527346}"
EndProject
Project("{9A19103F-16F7-4668-BE54-9A1E7A4F7556}") = "Develop05", "prove\Develop05\Develop05.csproj", "{72DE9545-5FF4-46D7-976A-D33005542B89}"
EndProject
Project("{2150E333-8FDC-42A3-9474-1A3956D46DE8}") = "sandbox", "sandbox", "{42A99E72-4C4F-491B-A9FC-E3D9411E141D}"
EndProject
Project("{9A19103F-16F7-4668-BE54-9A1E7A4F7556}") = "Sandbox", "sandbox\Sandbox\Sandbox.csproj", "{3AF606C4-162A-4F5E-B1BA-F8293AB8205C}"
EndProject
Global
	GlobalSection(SolutionConfigurationPlatforms) = preSolution
		Debug|Any CPU = Debug|Any CPU
		Release|Any CPU = Release|Any CPU
	EndGlobalSection
	GlobalSection(ProjectConfigurationPlatforms) = postSolution
		{E325DEC6-AE93-4713-B975-FD4A81E34A98}.Debug|Any CPU.ActiveCfg = Debug|Any CPU
		{E325DEC6-AE93-4713-B975-FD4A81E34A98}.Debug|Any CPU.Build.0 = Debug|Any CPU
		{E325DEC6-AE93-4713-B975-FD4A81E34A98}.Release|Any CPU.ActiveCfg = Release|Any CPU
		{E325DEC6-AE93-4713-B975-FD4A81E34A98}.Release|Any CPU.Build.0 = Release|Any CPU
		{0C5E3ABF-E65F-47A4-8224-0FE39FF22900}.Debug|Any CPU.ActiveCfg = Debug|Any CPU
		{0C5E3ABF-E65F-47A4-8224-0FE39FF22900}.Debug|Any CPU.Build.0 = Debug|Any CPU
		{0C5E3ABF-E65F-47A4-8224-0FE39FF22900}.Release|Any CPU.ActiveCfg = Release|Any CPU
		{0C5E3ABF-E65F-47A4-8224-0FE39FF22900}.Release|Any CPU.Build.0 = Release|Any CPU
		{03542B88-D5B3-4D3A-BBB0-58C951FED300}.Debug|Any CPU.ActiveCfg = Debug|Any CPU
		{03542B88-D5B3-4D3A-BBB0-58C951FED300}.Debug|Any CPU.Build.0 = Debug|Any CPU
		{03542B88-D5B3-4D3A-BBB0-58C951FED300}.Release|Any CPU.ActiveCfg = Release|Any CPU
		{03542B88-D5B3-4D3A-BBB0-58C951FED300}.Release|Any CPU.Build.0 = Release|Any CPU
		{38F314AF-0C70-436B-B680-7E5C90565FA1}.Debug|Any CPU.ActiveCfg = Debug|Any CPU
		{38F314AF-0C70-436B-B680-7E5C90565FA1}.Debug|Any CPU.Build.0 = Debug|Any CPU
		{38F314AF-0C70-436B-B680-7E5C90565FA1}.Release|Any CPU.ActiveCfg = Release|Any CPU
		{38F314AF-0C70-436B-B680-7E5C90565FA1}.Release|Any CPU.Build.0 = Release|Any CPU
		{69781106-A1C7-4D6E-9473-D8DBD0B1C8BB}.Debug|Any CPU.ActiveCfg = Debug|Any CPU
		{69781106-A1C7-4D6E-9473-D8DBD0B1C8BB}.Debug|Any CPU.Build.0 = Debug|Any CPU
		{69781106-A1C7-4D6E-9473-D8DBD0B1C8BB}.Release|Any CPU.ActiveCfg = Release|Any CPU
		{69781106-A1C7-4D6E-9473-D8DBD0B1C8BB}.Release|Any CPU.Build.0 = Release|Any CPU
		{C8A02423-D80F-477C-95D6-3A60A65278BE}.Debug|Any CPU.ActiveCfg = Debug|Any CPU
		{C8A02423-D80F-477C-95D6-3A60A65278BE}.Debug|Any CPU.Build.0 = Debug|Any CPU
		{C8A02423-D80F-477C-95D6-3A60A65278BE}.Release|Any CPU.ActiveCfg = Release|Any CPU
		{C8A02423-D80F-477C-95D6-3A60A65278BE}.Release|Any CPU.Build.0 = Release|Any CPU
		{1D3CEA9D-FD4B-4A3D-B545-74546015A291}.Debug|Any CPU.ActiveCfg = Debug|Any CPU
		{1D3CEA9D-FD4B-4A3D-B545-74546015A291}.Debug|Any CPU.Build.0 = Debug|Any CPU
		{1D3CEA9D-FD4B-4A3D-B545-74546015A291}.Release|Any CPU.ActiveCfg = Release|Any CPU
		{1D3CEA9D-FD4B-4A3D-B545-74546015A291}.Release|Any CPU.Build.0 = Release|Any CPU
		{B3C97574-4A58-483C-B39F-8D8CD14326F4}.Debug|Any CPU.ActiveCfg = Debug|Any CPU
		{B3C97574-4A58-483C-B39F-8D8CD14326F4}.Debug|Any CPU.Build.0 = Debug|Any CPU
		{B3C97574-4A58-483C-B39F-8D8CD14326F4}.Release|Any CPU.ActiveCfg = Release|Any CPU
		{B3C97574-4A58-483C-B39F-8D8CD14326F4}.Release|Any CPU.Build.0 = Release|Any CPU
		{0F450C48-E16E-428B-8A6E-E126B852A53E}.Debug|Any CPU.ActiveCfg = Debug|Any CPU
		{0F450C48-E16E-428B-8A6E-E126B852A53E}.Debug|Any CPU.Build.0 = Debug|Any CPU
		{0F450C48-E16E-428B-8A6E-E126B852A53E}.Release|Any CPU.ActiveCfg = Release|Any CPU
		{0F450C48-E16E-428B-8A6E-E126B852A53E}.Release|Any CPU.Build.0 = Release|Any CPU
		{03B574EA-6B80-4990-BFF0-431B8950C8B5}.Debug|Any CPU.ActiveCfg = Debug|Any CPU
		{03B574EA-6B80-4990-BFF0-431B8950C8B5}.Debug|Any CPU.Build.0 = Debug|Any CPU
		{03B574EA-6B80-4990-BFF0-431B8950C8B5}.Release|Any CPU.ActiveCfg = Release|Any CPU
		{03B574EA-6B80-4990-BFF0-431B8950C8B5}.Release|Any CPU.Build.0 = Release|Any CPU
		{88F8BBFC-EF0D-46E9-BA61-F01DF1E8567F}.Debug|Any CPU.ActiveCfg = Debug|Any CPU
		{88F8BBFC-EF0D-46E9-BA61-F01DF1E8567F}.Debug|Any CPU.Build.0 = Debug|Any CPU
		{88F8BBFC-EF0D-46E9-BA61-F01DF1E8567F}.Release|Any CPU.ActiveCfg = Release|Any CPU
		{88F8BBFC-EF0D-46E9-BA61-F01DF1E8567F}.Release|Any CPU.Build.0 = Release|Any CPU
		{D6378271-443B-4114-A599-046098182722}.Debug|Any CPU.ActiveCfg = Debug|Any CPU
		{D6378271-443B-4114-A599-046098182722}.Debug|Any CPU.Build.0 = Debug|Any CPU
		{D6378271-443B-4114-A599-046098182722}.Release|Any CPU.ActiveCfg = Release|Any CPU
		{D6378271-443B-4114-A599-046098182722}.Release|Any CPU.Build.0 = Release|Any CPU
		{78746D62-88AC-47FE-9C99-7C37409551F0}.Debug|Any CPU.ActiveCfg = Debug|Any CPU
		{78746D62-88AC-47FE-9C99-7C37409551F0}.Debug|Any CPU.Build.0 = Debug|Any CPU
		{78746D62-88AC-47FE-9C99-7C37409551F0}.Release|Any CPU.ActiveCfg = Release|Any CPU
		{78746D62-88AC-47FE-9C99-7C37409551F0}.Release|Any CPU.Build.0 = Release|Any CPU
		{E4B5D3A6-B1B7-4AD4-A71A-0EF7F80A513A}.Debug|Any CPU.ActiveCfg = Debug|Any CPU
		{E4B5D3A6-B1B7-4AD4-A71A-0EF7F80A513A}.Debug|Any CPU.Build.0 = Debug|Any CPU
		{E4B5D3A6-B1B7-4AD4-A71A-0EF7F80A513A}.Release|Any CPU.ActiveCfg = Release|Any CPU
		{E4B5D3A6-B1B7-4AD4-A71A-0EF7F80A513A}.Release|Any CPU.Build.0 = Release|Any CPU
		{B5943DD7-5698-4B06-80E7-FE9FE5CD01A4}.Debug|Any CPU.ActiveCfg = Debug|Any CPU
		{B5943DD7-5698-4B06-80E7-FE9FE5CD01A4}.Debug|Any CPU.Build.0 = Debug|Any CPU
		{B5943DD7-5698-4B06-80E7-FE9FE5CD01A4}.Release|Any CPU.ActiveCfg = Release|Any CPU
		{B5943DD7-5698-4B06-80E7-FE9FE5CD01A4}.Release|Any CPU.Build.0 = Release|Any CPU
		{F1EB6D59-C570-4458-BFA0-2080FB1726F9}.Debug|Any CPU.ActiveCfg = Debug|Any CPU
		{F1EB6D59-C570-4458-BFA0-2080FB1726F9}.Debug|Any CPU.Build.0 = Debug|Any CPU
		{F1EB6D59-C570-4458-BFA0-2080FB1726F9}.Release|Any CPU.ActiveCfg = Release|Any CPU
		{F1EB6D59-C570-4458-BFA0-2080FB1726F9}.Release|Any CPU.Build.0 = Release|Any CPU
		{AD6895C6-E061-4FAA-96C0-426E3D527346}.Debug|Any CPU.ActiveCfg = Debug|Any CPU
		{AD6895C6-E061-4FAA-96C0-426E3D527346}.Debug|Any CPU.Build.0 = Debug|Any CPU
		{AD6895C6-E061-4FAA-96C0-426E3D527346}.Release|Any CPU.ActiveCfg = Release|Any CPU
		{AD6895C6-E061-4FAA-96C0-426E3D527346}.Release|Any CPU.Build.0 = Release|Any CPU
		{72DE9545-5FF4-46D7-976A-D33005542B89}.Debug|Any CPU.ActiveCfg = Debug|Any CPU
		{72DE9545-5FF4-46D7-976A-D33005542B89}.Debug|Any CPU.Build.0 = Debug|Any CPU
		{72DE9545-5FF4-46D7-976A-D33005542B89}.Release|Any CPU.ActiveCfg = Release|Any CPU
		{72DE9545-5FF4-46D7-976A-D33005542B89}.Release|Any CPU.Build.0 = Release|Any CPU
		{3AF606C4-162A-4F5E-B1BA-F8293AB8205C}.Debug|Any CPU.ActiveCfg = Debug|Any CPU
		{3AF606C4-162A-4F5E-B1BA-F8293AB8205C}.Debug|Any CPU.Build.0 = Debug|Any CPU
		{3AF606C4-162A-4F5E-B1BA-F8293AB8205C}.Release|Any CPU.ActiveCfg = Release|Any CPU
		{3AF606C4-162A-4F5E-B1BA-F8293AB8205C}.Release|Any CPU.Build.0 = Release|Any CPU
	EndGlobalSection
	GlobalSection(SolutionProperties) = preSolution
		HideSolutionNode = FALSE
	EndGlobalSection
	GlobalSection(NestedProjects) = preSolution
		{E325DEC6-AE93-4713-B975-FD4A81E34A98} = {12826B56-4CFA-4849-A433-596A2022B1AB}
		{0C5E3ABF-E65F-47A4-8224-0FE39FF22900} = {12826B56-4CFA-4849-A433-596A2022B1AB}
		{03542B88-D5B3-4D3A-BBB0-58C951FED300} = {12826B56-4CFA-4849-A433-596A2022B1AB}
		{38F314AF-0C70-436B-B680-7E5C90565FA1} = {12826B56-4CFA-4849-A433-596A2022B1AB}
		{69781106-A1C7-4D6E-9473-D8DBD0B1C8BB} = {12826B56-4CFA-4849-A433-596A2022B1AB}
		{C8A02423-D80F-477C-95D6-3A60A65278BE} = {10B06759-522A-46F0-839C-14D110422112}
		{1D3CEA9D-FD4B-4A3D-B545-74546015A291} = {10B06759-522A-46F0-839C-14D110422112}
		{B3C97574-4A58-483C-B39F-8D8CD14326F4} = {10B06759-522A-46F0-839C-14D110422112}
		{0F450C48-E16E-428B-8A6E-E126B852A53E} = {10B06759-522A-46F0-839C-14D110422112}
		{03B574EA-6B80-4990-BFF0-431B8950C8B5} = {10B06759-522A-46F0-839C-14D110422112}
		{88F8BBFC-EF0D-46E9-BA61-F01DF1E8567F} = {C70F5B88-B097-4A2B-B7FA-F31595D4B63D}
		{D6378271-443B-4114-A599-046098182722} = {C70F5B88-B097-4A2B-B7FA-F31595D4B63D}
		{78746D62-88AC-47FE-9C99-7C37409551F0} = {C70F5B88-B097-4A2B-B7FA-F31595D4B63D}
		{E4B5D3A6-B1B7-4AD4-A71A-0EF7F80A513A} = {C70F5B88-B097-4A2B-B7FA-F31595D4B63D}
		{B5943DD7-5698-4B06-80E7-FE9FE5CD01A4} = {C6FDEF62-95A5-493D-A576-CADC1CB24D26}
		{F1EB6D59-C570-4458-BFA0-2080FB1726F9} = {C6FDEF62-95A5-493D-A576-CADC1CB24D26}
		{AD6895C6-E061-4FAA-96C0-426E3D527346} = {C6FDEF62-95A5-493D-A576-CADC1CB24D26}
		{72DE9545-5FF4-46D7-976A-D33005542B89} = {C6FDEF62-95A5-493D-A576-CADC1CB24D26}
		{3AF606C4-162A-4F5E-B1BA-F8293AB8205C} = {42A99E72-4C4F-491B-A9FC-E3D9411E141D}
	EndGlobalSection
	GlobalSection(ExtensibilityGlobals) = postSolution
		SolutionGuid = {69102FBD-F52E-4FA5-BA5F-A7DA844DDC7C}
	EndGlobalSection
EndGlobal
